
Microsoft Visual Studio Solution File, Format Version 12.00
# Visual Studio 14
VisualStudioVersion = 14.0.25123.0
MinimumVisualStudioVersion = 10.0.40219.1
Project("{2150E333-8FDC-42A3-9474-1A3956D46DE8}") = "Solution Items", "Solution Items", "{80317AA9-F07B-426D-B347-0068F4754388}"
	ProjectSection(SolutionItems) = preProject
		global.json = global.json
	EndProjectSection
EndProject
Project("{FAE04EC0-301F-11D3-BF4B-00C04F79EFBC}") = "AVFileReceiver", "AVFileReceiver\AVFileReceiver.csproj", "{71FE6773-C831-4D2D-A420-1CB5E3B9DC1C}"
EndProject
Project("{FAE04EC0-301F-11D3-BF4B-00C04F79EFBC}") = "AVFilterIIS", "AVFilterIIS\AVFilterIIS.csproj", "{40DF108A-6DF0-44F6-BA48-24E646F84087}"
EndProject
Project("{FAE04EC0-301F-11D3-BF4B-00C04F79EFBC}") = "AppExample", "AppExample\AppExample.csproj", "{5AF7A06E-731C-4A2D-9FE7-BF7AA9828CD7}"
EndProject
Global
	GlobalSection(SolutionConfigurationPlatforms) = preSolution
		Debug|Any CPU = Debug|Any CPU
		Release|Any CPU = Release|Any CPU
	EndGlobalSection
	GlobalSection(ProjectConfigurationPlatforms) = postSolution
		{71FE6773-C831-4D2D-A420-1CB5E3B9DC1C}.Debug|Any CPU.ActiveCfg = Debug|Any CPU
		{71FE6773-C831-4D2D-A420-1CB5E3B9DC1C}.Debug|Any CPU.Build.0 = Debug|Any CPU
		{71FE6773-C831-4D2D-A420-1CB5E3B9DC1C}.Release|Any CPU.ActiveCfg = Release|Any CPU
		{71FE6773-C831-4D2D-A420-1CB5E3B9DC1C}.Release|Any CPU.Build.0 = Release|Any CPU
		{40DF108A-6DF0-44F6-BA48-24E646F84087}.Debug|Any CPU.ActiveCfg = Debug|Any CPU
		{40DF108A-6DF0-44F6-BA48-24E646F84087}.Debug|Any CPU.Build.0 = Debug|Any CPU
		{40DF108A-6DF0-44F6-BA48-24E646F84087}.Release|Any CPU.ActiveCfg = Release|Any CPU
		{40DF108A-6DF0-44F6-BA48-24E646F84087}.Release|Any CPU.Build.0 = Release|Any CPU
		{5AF7A06E-731C-4A2D-9FE7-BF7AA9828CD7}.Debug|Any CPU.ActiveCfg = Debug|Any CPU
		{5AF7A06E-731C-4A2D-9FE7-BF7AA9828CD7}.Debug|Any CPU.Build.0 = Debug|Any CPU
		{5AF7A06E-731C-4A2D-9FE7-BF7AA9828CD7}.Release|Any CPU.ActiveCfg = Release|Any CPU
		{5AF7A06E-731C-4A2D-9FE7-BF7AA9828CD7}.Release|Any CPU.Build.0 = Release|Any CPU
	EndGlobalSection
	GlobalSection(SolutionProperties) = preSolution
		HideSolutionNode = FALSE
	EndGlobalSection
EndGlobal
